
Microsoft Visual Studio Solution File, Format Version 12.00
# Visual Studio Version 16
VisualStudioVersion = 16.0.31025.194
MinimumVisualStudioVersion = 10.0.40219.1
Project("{FAE04EC0-301F-11D3-BF4B-00C04F79EFBC}") = "DotNetCoreWebAPI", "DotNetCoreWebAPI\DotNetCoreWebAPI.csproj", "{3C85EAE7-FB8B-42F7-ABE0-00647AA9A3A5}"
EndProject
Global
	GlobalSection(SolutionConfigurationPlatforms) = preSolution
		Debug|Any CPU = Debug|Any CPU
		Release|Any CPU = Release|Any CPU
	EndGlobalSection
	GlobalSection(ProjectConfigurationPlatforms) = postSolution
		{3C85EAE7-FB8B-42F7-ABE0-00647AA9A3A5}.Debug|Any CPU.ActiveCfg = Debug|Any CPU
		{3C85EAE7-FB8B-42F7-ABE0-00647AA9A3A5}.Debug|Any CPU.Build.0 = Debug|Any CPU
		{3C85EAE7-FB8B-42F7-ABE0-00647AA9A3A5}.Release|Any CPU.ActiveCfg = Release|Any CPU
		{3C85EAE7-FB8B-42F7-ABE0-00647AA9A3A5}.Release|Any CPU.Build.0 = Release|Any CPU
	EndGlobalSection
	GlobalSection(SolutionProperties) = preSolution
		HideSolutionNode = FALSE
	EndGlobalSection
	GlobalSection(ExtensibilityGlobals) = postSolution
		SolutionGuid = {921D57CB-9420-4FBE-9781-82D881239B13}
	EndGlobalSection
EndGlobal
